
Microsoft Visual Studio Solution File, Format Version 12.00
# Visual Studio 15
VisualStudioVersion = 15.0.27130.2010
MinimumVisualStudioVersion = 10.0.40219.1
Project("{FAE04EC0-301F-11D3-BF4B-00C04F79EFBC}") = "ArrangeIntegers", "ArrangeIntegers\ArrangeIntegers.csproj", "{D3FC21D1-6B53-4285-A70D-F5460D2483FE}"
EndProject
Project("{FAE04EC0-301F-11D3-BF4B-00C04F79EFBC}") = "Monopoly", "Monopoly\Monopoly.csproj", "{E9B713D4-E914-4EEB-8A77-54BDCA1B0D0C}"
EndProject
Project("{FAE04EC0-301F-11D3-BF4B-00C04F79EFBC}") = "BasicMarkUpLanguage", "BasicMarkUpLanguage\BasicMarkUpLanguage.csproj", "{1C9D0728-BBA3-4106-9185-01DD1B148B6A}"
EndProject
Project("{FAE04EC0-301F-11D3-BF4B-00C04F79EFBC}") = "ChampionsLeague", "ChampionsLeague\ChampionsLeague.csproj", "{80A9798E-ABC1-4918-8B73-EB5C889BE2CB}"
EndProject
Global
	GlobalSection(SolutionConfigurationPlatforms) = preSolution
		Debug|Any CPU = Debug|Any CPU
		Release|Any CPU = Release|Any CPU
	EndGlobalSection
	GlobalSection(ProjectConfigurationPlatforms) = postSolution
		{D3FC21D1-6B53-4285-A70D-F5460D2483FE}.Debug|Any CPU.ActiveCfg = Debug|Any CPU
		{D3FC21D1-6B53-4285-A70D-F5460D2483FE}.Debug|Any CPU.Build.0 = Debug|Any CPU
		{D3FC21D1-6B53-4285-A70D-F5460D2483FE}.Release|Any CPU.ActiveCfg = Release|Any CPU
		{D3FC21D1-6B53-4285-A70D-F5460D2483FE}.Release|Any CPU.Build.0 = Release|Any CPU
		{E9B713D4-E914-4EEB-8A77-54BDCA1B0D0C}.Debug|Any CPU.ActiveCfg = Debug|Any CPU
		{E9B713D4-E914-4EEB-8A77-54BDCA1B0D0C}.Debug|Any CPU.Build.0 = Debug|Any CPU
		{E9B713D4-E914-4EEB-8A77-54BDCA1B0D0C}.Release|Any CPU.ActiveCfg = Release|Any CPU
		{E9B713D4-E914-4EEB-8A77-54BDCA1B0D0C}.Release|Any CPU.Build.0 = Release|Any CPU
		{1C9D0728-BBA3-4106-9185-01DD1B148B6A}.Debug|Any CPU.ActiveCfg = Debug|Any CPU
		{1C9D0728-BBA3-4106-9185-01DD1B148B6A}.Debug|Any CPU.Build.0 = Debug|Any CPU
		{1C9D0728-BBA3-4106-9185-01DD1B148B6A}.Release|Any CPU.ActiveCfg = Release|Any CPU
		{1C9D0728-BBA3-4106-9185-01DD1B148B6A}.Release|Any CPU.Build.0 = Release|Any CPU
		{80A9798E-ABC1-4918-8B73-EB5C889BE2CB}.Debug|Any CPU.ActiveCfg = Debug|Any CPU
		{80A9798E-ABC1-4918-8B73-EB5C889BE2CB}.Debug|Any CPU.Build.0 = Debug|Any CPU
		{80A9798E-ABC1-4918-8B73-EB5C889BE2CB}.Release|Any CPU.ActiveCfg = Release|Any CPU
		{80A9798E-ABC1-4918-8B73-EB5C889BE2CB}.Release|Any CPU.Build.0 = Release|Any CPU
	EndGlobalSection
	GlobalSection(SolutionProperties) = preSolution
		HideSolutionNode = FALSE
	EndGlobalSection
	GlobalSection(ExtensibilityGlobals) = postSolution
		SolutionGuid = {BB52D37A-3694-47A4-A22E-46A2FD5ACE30}
	EndGlobalSection
EndGlobal
