
Microsoft Visual Studio Solution File, Format Version 12.00
# Visual Studio 15
VisualStudioVersion = 15.0.27130.2010
MinimumVisualStudioVersion = 10.0.40219.1
Project("{FAE04EC0-301F-11D3-BF4B-00C04F79EFBC}") = "DangerousFloor", "DangerousFloor\DangerousFloor.csproj", "{EBA03328-19D5-494B-87DD-411EC4C990DC}"
EndProject
Project("{FAE04EC0-301F-11D3-BF4B-00C04F79EFBC}") = "CryptoMaster", "CryptoMaster\CryptoMaster.csproj", "{557D2602-5B1B-4AAD-84EC-27092A242A17}"
EndProject
Project("{FAE04EC0-301F-11D3-BF4B-00C04F79EFBC}") = "GreedyTimes", "GreedyTimes\GreedyTimes.csproj", "{6E7A3623-4FFC-4E45-BADD-91127DB869DF}"
EndProject
Global
	GlobalSection(SolutionConfigurationPlatforms) = preSolution
		Debug|Any CPU = Debug|Any CPU
		Release|Any CPU = Release|Any CPU
	EndGlobalSection
	GlobalSection(ProjectConfigurationPlatforms) = postSolution
		{EBA03328-19D5-494B-87DD-411EC4C990DC}.Debug|Any CPU.ActiveCfg = Debug|Any CPU
		{EBA03328-19D5-494B-87DD-411EC4C990DC}.Debug|Any CPU.Build.0 = Debug|Any CPU
		{EBA03328-19D5-494B-87DD-411EC4C990DC}.Release|Any CPU.ActiveCfg = Release|Any CPU
		{EBA03328-19D5-494B-87DD-411EC4C990DC}.Release|Any CPU.Build.0 = Release|Any CPU
		{557D2602-5B1B-4AAD-84EC-27092A242A17}.Debug|Any CPU.ActiveCfg = Debug|Any CPU
		{557D2602-5B1B-4AAD-84EC-27092A242A17}.Debug|Any CPU.Build.0 = Debug|Any CPU
		{557D2602-5B1B-4AAD-84EC-27092A242A17}.Release|Any CPU.ActiveCfg = Release|Any CPU
		{557D2602-5B1B-4AAD-84EC-27092A242A17}.Release|Any CPU.Build.0 = Release|Any CPU
		{6E7A3623-4FFC-4E45-BADD-91127DB869DF}.Debug|Any CPU.ActiveCfg = Debug|Any CPU
		{6E7A3623-4FFC-4E45-BADD-91127DB869DF}.Debug|Any CPU.Build.0 = Debug|Any CPU
		{6E7A3623-4FFC-4E45-BADD-91127DB869DF}.Release|Any CPU.ActiveCfg = Release|Any CPU
		{6E7A3623-4FFC-4E45-BADD-91127DB869DF}.Release|Any CPU.Build.0 = Release|Any CPU
	EndGlobalSection
	GlobalSection(SolutionProperties) = preSolution
		HideSolutionNode = FALSE
	EndGlobalSection
	GlobalSection(ExtensibilityGlobals) = postSolution
		SolutionGuid = {D0B05E11-DF2D-4E6C-B046-DE06A3A6687F}
	EndGlobalSection
EndGlobal
