
Microsoft Visual Studio Solution File, Format Version 12.00
# Visual Studio 15
VisualStudioVersion = 15.0.27004.2008
MinimumVisualStudioVersion = 10.0.40219.1
Project("{FAE04EC0-301F-11D3-BF4B-00C04F79EFBC}") = "StudentResults", "StudentResults\StudentResults.csproj", "{CE2A30A6-06A3-4DC4-864F-CD290005304B}"
EndProject
Project("{FAE04EC0-301F-11D3-BF4B-00C04F79EFBC}") = "ParseUrl", "ParseUrl\ParseUrl.csproj", "{06F1E6F5-8D44-4CC3-A97B-D96C45434107}"
EndProject
Project("{FAE04EC0-301F-11D3-BF4B-00C04F79EFBC}") = "ParseTags", "ParseTags\ParseTags.csproj", "{459545DE-64F9-4281-847D-42669A2783D4}"
EndProject
Project("{FAE04EC0-301F-11D3-BF4B-00C04F79EFBC}") = "SpecialWords", "SpecialWords\SpecialWords.csproj", "{4CB1D8AF-F9FA-4405-94E8-4FF465CDFAC9}"
EndProject
Project("{FAE04EC0-301F-11D3-BF4B-00C04F79EFBC}") = "ConcatenateStrings", "ConcatenateStrings\ConcatenateStrings.csproj", "{00454802-B75E-4726-B1F7-3BA85EE263EE}"
EndProject
Global
	GlobalSection(SolutionConfigurationPlatforms) = preSolution
		Debug|Any CPU = Debug|Any CPU
		Release|Any CPU = Release|Any CPU
	EndGlobalSection
	GlobalSection(ProjectConfigurationPlatforms) = postSolution
		{CE2A30A6-06A3-4DC4-864F-CD290005304B}.Debug|Any CPU.ActiveCfg = Debug|Any CPU
		{CE2A30A6-06A3-4DC4-864F-CD290005304B}.Debug|Any CPU.Build.0 = Debug|Any CPU
		{CE2A30A6-06A3-4DC4-864F-CD290005304B}.Release|Any CPU.ActiveCfg = Release|Any CPU
		{CE2A30A6-06A3-4DC4-864F-CD290005304B}.Release|Any CPU.Build.0 = Release|Any CPU
		{06F1E6F5-8D44-4CC3-A97B-D96C45434107}.Debug|Any CPU.ActiveCfg = Debug|Any CPU
		{06F1E6F5-8D44-4CC3-A97B-D96C45434107}.Debug|Any CPU.Build.0 = Debug|Any CPU
		{06F1E6F5-8D44-4CC3-A97B-D96C45434107}.Release|Any CPU.ActiveCfg = Release|Any CPU
		{06F1E6F5-8D44-4CC3-A97B-D96C45434107}.Release|Any CPU.Build.0 = Release|Any CPU
		{459545DE-64F9-4281-847D-42669A2783D4}.Debug|Any CPU.ActiveCfg = Debug|Any CPU
		{459545DE-64F9-4281-847D-42669A2783D4}.Debug|Any CPU.Build.0 = Debug|Any CPU
		{459545DE-64F9-4281-847D-42669A2783D4}.Release|Any CPU.ActiveCfg = Release|Any CPU
		{459545DE-64F9-4281-847D-42669A2783D4}.Release|Any CPU.Build.0 = Release|Any CPU
		{4CB1D8AF-F9FA-4405-94E8-4FF465CDFAC9}.Debug|Any CPU.ActiveCfg = Debug|Any CPU
		{4CB1D8AF-F9FA-4405-94E8-4FF465CDFAC9}.Debug|Any CPU.Build.0 = Debug|Any CPU
		{4CB1D8AF-F9FA-4405-94E8-4FF465CDFAC9}.Release|Any CPU.ActiveCfg = Release|Any CPU
		{4CB1D8AF-F9FA-4405-94E8-4FF465CDFAC9}.Release|Any CPU.Build.0 = Release|Any CPU
		{00454802-B75E-4726-B1F7-3BA85EE263EE}.Debug|Any CPU.ActiveCfg = Debug|Any CPU
		{00454802-B75E-4726-B1F7-3BA85EE263EE}.Debug|Any CPU.Build.0 = Debug|Any CPU
		{00454802-B75E-4726-B1F7-3BA85EE263EE}.Release|Any CPU.ActiveCfg = Release|Any CPU
		{00454802-B75E-4726-B1F7-3BA85EE263EE}.Release|Any CPU.Build.0 = Release|Any CPU
	EndGlobalSection
	GlobalSection(SolutionProperties) = preSolution
		HideSolutionNode = FALSE
	EndGlobalSection
	GlobalSection(ExtensibilityGlobals) = postSolution
		SolutionGuid = {0D2F7E2A-94E4-486D-82DC-ADEE94058B30}
	EndGlobalSection
EndGlobal
